
Microsoft Visual Studio Solution File, Format Version 12.00
# Visual Studio Version 17
VisualStudioVersion = 17.3.32929.385
MinimumVisualStudioVersion = 10.0.40219.1
Project("{FAE04EC0-301F-11D3-BF4B-00C04F79EFBC}") = "OOP advanced - homework", "OOP advanced - homework\OOP advanced - homework.csproj", "{9DE2E86E-1F30-41C6-9FC6-151194C8ED55}"
EndProject
Global
	GlobalSection(SolutionConfigurationPlatforms) = preSolution
		Debug|Any CPU = Debug|Any CPU
		Release|Any CPU = Release|Any CPU
	EndGlobalSection
	GlobalSection(ProjectConfigurationPlatforms) = postSolution
		{9DE2E86E-1F30-41C6-9FC6-151194C8ED55}.Debug|Any CPU.ActiveCfg = Debug|Any CPU
		{9DE2E86E-1F30-41C6-9FC6-151194C8ED55}.Debug|Any CPU.Build.0 = Debug|Any CPU
		{9DE2E86E-1F30-41C6-9FC6-151194C8ED55}.Release|Any CPU.ActiveCfg = Release|Any CPU
		{9DE2E86E-1F30-41C6-9FC6-151194C8ED55}.Release|Any CPU.Build.0 = Release|Any CPU
	EndGlobalSection
	GlobalSection(SolutionProperties) = preSolution
		HideSolutionNode = FALSE
	EndGlobalSection
	GlobalSection(ExtensibilityGlobals) = postSolution
		SolutionGuid = {5BE1CCC6-1764-48E8-A885-1679299D0BFF}
	EndGlobalSection
EndGlobal
