
Microsoft Visual Studio Solution File, Format Version 12.00
# Visual Studio Version 17
VisualStudioVersion = 17.3.32929.385
MinimumVisualStudioVersion = 10.0.40219.1
Project("{FAE04EC0-301F-11D3-BF4B-00C04F79EFBC}") = "Exceptions LINQ etc - Homework", "Exceptions LINQ etc - Homework\Exceptions LINQ etc - Homework.csproj", "{B1BF7BC9-95F6-44F2-8496-216A7227323E}"
EndProject
Global
	GlobalSection(SolutionConfigurationPlatforms) = preSolution
		Debug|Any CPU = Debug|Any CPU
		Release|Any CPU = Release|Any CPU
	EndGlobalSection
	GlobalSection(ProjectConfigurationPlatforms) = postSolution
		{B1BF7BC9-95F6-44F2-8496-216A7227323E}.Debug|Any CPU.ActiveCfg = Debug|Any CPU
		{B1BF7BC9-95F6-44F2-8496-216A7227323E}.Debug|Any CPU.Build.0 = Debug|Any CPU
		{B1BF7BC9-95F6-44F2-8496-216A7227323E}.Release|Any CPU.ActiveCfg = Release|Any CPU
		{B1BF7BC9-95F6-44F2-8496-216A7227323E}.Release|Any CPU.Build.0 = Release|Any CPU
	EndGlobalSection
	GlobalSection(SolutionProperties) = preSolution
		HideSolutionNode = FALSE
	EndGlobalSection
	GlobalSection(ExtensibilityGlobals) = postSolution
		SolutionGuid = {A24FCAF1-1871-4076-91CC-CB5AA74C44C2}
	EndGlobalSection
EndGlobal
